
Microsoft Visual Studio Solution File, Format Version 12.00
# Visual Studio Version 17
VisualStudioVersion = 17.14.37614.0 d17.14
MinimumVisualStudioVersion = 10.0.40219.1
Project("{FAE04EC0-301F-11D3-BF4B-00C04F79EFBC}") = "assigment oop2", "assigment oop2\assigment oop2.csproj", "{A7FEDA5D-A349-4983-AE63-3447C6339766}"
EndProject
Global
	GlobalSection(SolutionConfigurationPlatforms) = preSolution
		Debug|Any CPU = Debug|Any CPU
		Release|Any CPU = Release|Any CPU
	EndGlobalSection
	GlobalSection(ProjectConfigurationPlatforms) = postSolution
		{A7FEDA5D-A349-4983-AE63-3447C6339766}.Debug|Any CPU.ActiveCfg = Debug|Any CPU
		{A7FEDA5D-A349-4983-AE63-3447C6339766}.Debug|Any CPU.Build.0 = Debug|Any CPU
		{A7FEDA5D-A349-4983-AE63-3447C6339766}.Release|Any CPU.ActiveCfg = Release|Any CPU
		{A7FEDA5D-A349-4983-AE63-3447C6339766}.Release|Any CPU.Build.0 = Release|Any CPU
	EndGlobalSection
	GlobalSection(SolutionProperties) = preSolution
		HideSolutionNode = FALSE
	EndGlobalSection
	GlobalSection(ExtensibilityGlobals) = postSolution
		SolutionGuid = {8DF130F4-3DE5-4833-B294-7694C2BCF337}
	EndGlobalSection
EndGlobal
